# THIS IS AN AUTOGENERATED FILE. DO NOT EDIT THIS FILE DIRECTLY.
# yarn lockfile v1


"@vtex/tsconfig@^0.5.6":
  version "0.5.6"
  resolved "https://registry.yarnpkg.com/@vtex/tsconfig/-/tsconfig-0.5.6.tgz#c0eb4222a75d1b8a4fefb1d85bbd9349880ddbe5"
  integrity sha512-3pdtp0QiUjW3YqyA+2YPV3AsAJ68wHWELrg7JMlr7ULHNb4mUfmTBx31zbWG94K3OWp0KJFfF3ytQ+I68foqKA==
